
Microsoft Visual Studio Solution File, Format Version 12.00
# Visual Studio Version 17
Project("{8BC9CEB8-8B4A-11D0-8D11-00A0C91BC942}") = "Main", "Main\Main.vcxproj", "{4AF3887C-362A-8A0D-DF16-7010CB2C060F}"
EndProject
Project("{8BC9CEB8-8B4A-11D0-8D11-00A0C91BC942}") = "ConvLib", "ConvLib\ConvLib.vcxproj", "{12AF3234-7E8E-B1CF-87A6-3CA6F3041831}"
EndProject
Global
	GlobalSection(SolutionConfigurationPlatforms) = preSolution
		Debug|x64 = Debug|x64
		Release|x64 = Release|x64
	EndGlobalSection
	GlobalSection(ProjectConfigurationPlatforms) = postSolution
		{4AF3887C-362A-8A0D-DF16-7010CB2C060F}.Debug|x64.ActiveCfg = Debug|x64
		{4AF3887C-362A-8A0D-DF16-7010CB2C060F}.Debug|x64.Build.0 = Debug|x64
		{4AF3887C-362A-8A0D-DF16-7010CB2C060F}.Release|x64.ActiveCfg = Release|x64
		{4AF3887C-362A-8A0D-DF16-7010CB2C060F}.Release|x64.Build.0 = Release|x64
		{12AF3234-7E8E-B1CF-87A6-3CA6F3041831}.Debug|x64.ActiveCfg = Debug|x64
		{12AF3234-7E8E-B1CF-87A6-3CA6F3041831}.Debug|x64.Build.0 = Debug|x64
		{12AF3234-7E8E-B1CF-87A6-3CA6F3041831}.Release|x64.ActiveCfg = Release|x64
		{12AF3234-7E8E-B1CF-87A6-3CA6F3041831}.Release|x64.Build.0 = Release|x64
	EndGlobalSection
	GlobalSection(SolutionProperties) = preSolution
		HideSolutionNode = FALSE
	EndGlobalSection
EndGlobal
